
Microsoft Visual Studio Solution File, Format Version 12.00
# Visual Studio Version 17
VisualStudioVersion = 17.3.32922.545
MinimumVisualStudioVersion = 10.0.40219.1
Project("{9A19103F-16F7-4668-BE54-9A1E7A4F7556}") = "z1", "Lab-6\z1.csproj", "{737568F7-75A4-4124-A71E-AE3D33AC8B70}"
EndProject
Project("{FAE04EC0-301F-11D3-BF4B-00C04F79EFBC}") = "Z3", "Z3\Z3.csproj", "{2068FE55-1CBB-40BE-8BC2-8AB234CCBC8F}"
EndProject
Global
	GlobalSection(SolutionConfigurationPlatforms) = preSolution
		Debug|Any CPU = Debug|Any CPU
		Release|Any CPU = Release|Any CPU
	EndGlobalSection
	GlobalSection(ProjectConfigurationPlatforms) = postSolution
		{737568F7-75A4-4124-A71E-AE3D33AC8B70}.Debug|Any CPU.ActiveCfg = Debug|Any CPU
		{737568F7-75A4-4124-A71E-AE3D33AC8B70}.Debug|Any CPU.Build.0 = Debug|Any CPU
		{737568F7-75A4-4124-A71E-AE3D33AC8B70}.Release|Any CPU.ActiveCfg = Release|Any CPU
		{737568F7-75A4-4124-A71E-AE3D33AC8B70}.Release|Any CPU.Build.0 = Release|Any CPU
		{2068FE55-1CBB-40BE-8BC2-8AB234CCBC8F}.Debug|Any CPU.ActiveCfg = Debug|Any CPU
		{2068FE55-1CBB-40BE-8BC2-8AB234CCBC8F}.Debug|Any CPU.Build.0 = Debug|Any CPU
		{2068FE55-1CBB-40BE-8BC2-8AB234CCBC8F}.Release|Any CPU.ActiveCfg = Release|Any CPU
		{2068FE55-1CBB-40BE-8BC2-8AB234CCBC8F}.Release|Any CPU.Build.0 = Release|Any CPU
	EndGlobalSection
	GlobalSection(SolutionProperties) = preSolution
		HideSolutionNode = FALSE
	EndGlobalSection
	GlobalSection(ExtensibilityGlobals) = postSolution
		SolutionGuid = {D8069300-8535-447A-9A8B-A415CABE5B3A}
	EndGlobalSection
EndGlobal
