
Microsoft Visual Studio Solution File, Format Version 12.00
# Visual Studio Version 17
VisualStudioVersion = 17.3.32922.545
MinimumVisualStudioVersion = 10.0.40219.1
Project("{FAE04EC0-301F-11D3-BF4B-00C04F79EFBC}") = "Lab1VladBondarkov", "Lab1VladBondarkov\Lab1VladBondarkov.csproj", "{039826A8-EC1F-4DDD-8EC7-94C491D2CCAD}"
EndProject
Global
	GlobalSection(SolutionConfigurationPlatforms) = preSolution
		Debug|Any CPU = Debug|Any CPU
		Release|Any CPU = Release|Any CPU
	EndGlobalSection
	GlobalSection(ProjectConfigurationPlatforms) = postSolution
		{039826A8-EC1F-4DDD-8EC7-94C491D2CCAD}.Debug|Any CPU.ActiveCfg = Debug|Any CPU
		{039826A8-EC1F-4DDD-8EC7-94C491D2CCAD}.Debug|Any CPU.Build.0 = Debug|Any CPU
		{039826A8-EC1F-4DDD-8EC7-94C491D2CCAD}.Release|Any CPU.ActiveCfg = Release|Any CPU
		{039826A8-EC1F-4DDD-8EC7-94C491D2CCAD}.Release|Any CPU.Build.0 = Release|Any CPU
	EndGlobalSection
	GlobalSection(SolutionProperties) = preSolution
		HideSolutionNode = FALSE
	EndGlobalSection
	GlobalSection(ExtensibilityGlobals) = postSolution
		SolutionGuid = {D84192D4-CDC9-44B7-A432-95DD8060142C}
	EndGlobalSection
EndGlobal
