
Microsoft Visual Studio Solution File, Format Version 12.00
# Visual Studio Version 17
VisualStudioVersion = 17.3.32922.545
MinimumVisualStudioVersion = 10.0.40219.1
Project("{9A19103F-16F7-4668-BE54-9A1E7A4F7556}") = "TaskThird", "Laboratory work4\TaskThird.csproj", "{22A18B12-C992-49AA-A2CD-6F31D42DAEAC}"
EndProject
Project("{9A19103F-16F7-4668-BE54-9A1E7A4F7556}") = "TaskFourth", "TaskFourth\TaskFourth.csproj", "{9668CB2E-FDD0-4AB0-9E4F-9DED32CD1FB2}"
EndProject
Global
	GlobalSection(SolutionConfigurationPlatforms) = preSolution
		Debug|Any CPU = Debug|Any CPU
		Release|Any CPU = Release|Any CPU
	EndGlobalSection
	GlobalSection(ProjectConfigurationPlatforms) = postSolution
		{22A18B12-C992-49AA-A2CD-6F31D42DAEAC}.Debug|Any CPU.ActiveCfg = Debug|Any CPU
		{22A18B12-C992-49AA-A2CD-6F31D42DAEAC}.Debug|Any CPU.Build.0 = Debug|Any CPU
		{22A18B12-C992-49AA-A2CD-6F31D42DAEAC}.Release|Any CPU.ActiveCfg = Release|Any CPU
		{22A18B12-C992-49AA-A2CD-6F31D42DAEAC}.Release|Any CPU.Build.0 = Release|Any CPU
		{9668CB2E-FDD0-4AB0-9E4F-9DED32CD1FB2}.Debug|Any CPU.ActiveCfg = Debug|Any CPU
		{9668CB2E-FDD0-4AB0-9E4F-9DED32CD1FB2}.Debug|Any CPU.Build.0 = Debug|Any CPU
		{9668CB2E-FDD0-4AB0-9E4F-9DED32CD1FB2}.Release|Any CPU.ActiveCfg = Release|Any CPU
		{9668CB2E-FDD0-4AB0-9E4F-9DED32CD1FB2}.Release|Any CPU.Build.0 = Release|Any CPU
	EndGlobalSection
	GlobalSection(SolutionProperties) = preSolution
		HideSolutionNode = FALSE
	EndGlobalSection
	GlobalSection(ExtensibilityGlobals) = postSolution
		SolutionGuid = {899F95AE-E741-4574-B8B2-895C401484C8}
	EndGlobalSection
EndGlobal
