
Microsoft Visual Studio Solution File, Format Version 12.00
# Visual Studio Version 17
VisualStudioVersion = 17.3.32922.545
MinimumVisualStudioVersion = 10.0.40219.1
Project("{FAE04EC0-301F-11D3-BF4B-00C04F79EFBC}") = "Lab-9", "Lab-9\Lab-9.csproj", "{8C07AC40-0645-44F8-81E8-CB011C295390}"
EndProject
Global
	GlobalSection(SolutionConfigurationPlatforms) = preSolution
		Debug|Any CPU = Debug|Any CPU
		Release|Any CPU = Release|Any CPU
	EndGlobalSection
	GlobalSection(ProjectConfigurationPlatforms) = postSolution
		{8C07AC40-0645-44F8-81E8-CB011C295390}.Debug|Any CPU.ActiveCfg = Debug|Any CPU
		{8C07AC40-0645-44F8-81E8-CB011C295390}.Debug|Any CPU.Build.0 = Debug|Any CPU
		{8C07AC40-0645-44F8-81E8-CB011C295390}.Release|Any CPU.ActiveCfg = Release|Any CPU
		{8C07AC40-0645-44F8-81E8-CB011C295390}.Release|Any CPU.Build.0 = Release|Any CPU
	EndGlobalSection
	GlobalSection(SolutionProperties) = preSolution
		HideSolutionNode = FALSE
	EndGlobalSection
	GlobalSection(ExtensibilityGlobals) = postSolution
		SolutionGuid = {D7E6CAC7-C4DB-4F3B-8D02-F065B55B7187}
	EndGlobalSection
EndGlobal
